
Microsoft Visual Studio Solution File, Format Version 12.00
# Visual Studio Version 17
VisualStudioVersion = 17.3.32804.467
MinimumVisualStudioVersion = 10.0.40219.1
Project("{9A19103F-16F7-4668-BE54-9A1E7A4F7556}") = "Passengers", "Passengers\Passengers.csproj", "{5EB89C42-0EDD-471E-9DC1-21AE7769F49D}"
EndProject
Project("{2150E333-8FDC-42A3-9474-1A3956D46DE8}") = "Solution Items", "Solution Items", "{D4C0CE9E-88D6-465B-9BA8-E049811E46C2}"
	ProjectSection(SolutionItems) = preProject
		.editorconfig = .editorconfig
	EndProjectSection
EndProject
Project("{9A19103F-16F7-4668-BE54-9A1E7A4F7556}") = "KMeans", "KMeans\KMeans.csproj", "{008358EB-7001-4A68-928F-D1D884F6F9CE}"
EndProject
Project("{9A19103F-16F7-4668-BE54-9A1E7A4F7556}") = "dbScan", "dbScan\dbScan.csproj", "{91508D97-6552-4AC6-8C32-98DE012EAC14}"
EndProject
Project("{9A19103F-16F7-4668-BE54-9A1E7A4F7556}") = "SNcP", "SNcP\SNcP.csproj", "{59BCAD10-02C1-465B-B482-9E9C4B006630}"
EndProject
Project("{9A19103F-16F7-4668-BE54-9A1E7A4F7556}") = "Classifier", "Classifier\Classifier.csproj", "{91C26EE2-2631-4B7C-BEEA-CA74D59BB404}"
EndProject
Project("{9A19103F-16F7-4668-BE54-9A1E7A4F7556}") = "kNN", "kNN\kNN.csproj", "{8AF588A3-C814-468B-B40B-1BD4B3228BC6}"
EndProject
Project("{FAE04EC0-301F-11D3-BF4B-00C04F79EFBC}") = "SVM", "SVM\SVM.csproj", "{3EC4F911-8643-4D04-B070-9C2E0DF3F344}"
EndProject
Global
	GlobalSection(SolutionConfigurationPlatforms) = preSolution
		Debug|Any CPU = Debug|Any CPU
		Release|Any CPU = Release|Any CPU
	EndGlobalSection
	GlobalSection(ProjectConfigurationPlatforms) = postSolution
		{5EB89C42-0EDD-471E-9DC1-21AE7769F49D}.Debug|Any CPU.ActiveCfg = Debug|Any CPU
		{5EB89C42-0EDD-471E-9DC1-21AE7769F49D}.Debug|Any CPU.Build.0 = Debug|Any CPU
		{5EB89C42-0EDD-471E-9DC1-21AE7769F49D}.Release|Any CPU.ActiveCfg = Release|Any CPU
		{5EB89C42-0EDD-471E-9DC1-21AE7769F49D}.Release|Any CPU.Build.0 = Release|Any CPU
		{008358EB-7001-4A68-928F-D1D884F6F9CE}.Debug|Any CPU.ActiveCfg = Debug|Any CPU
		{008358EB-7001-4A68-928F-D1D884F6F9CE}.Debug|Any CPU.Build.0 = Debug|Any CPU
		{008358EB-7001-4A68-928F-D1D884F6F9CE}.Release|Any CPU.ActiveCfg = Release|Any CPU
		{008358EB-7001-4A68-928F-D1D884F6F9CE}.Release|Any CPU.Build.0 = Release|Any CPU
		{91508D97-6552-4AC6-8C32-98DE012EAC14}.Debug|Any CPU.ActiveCfg = Debug|Any CPU
		{91508D97-6552-4AC6-8C32-98DE012EAC14}.Debug|Any CPU.Build.0 = Debug|Any CPU
		{91508D97-6552-4AC6-8C32-98DE012EAC14}.Release|Any CPU.ActiveCfg = Release|Any CPU
		{91508D97-6552-4AC6-8C32-98DE012EAC14}.Release|Any CPU.Build.0 = Release|Any CPU
		{59BCAD10-02C1-465B-B482-9E9C4B006630}.Debug|Any CPU.ActiveCfg = Debug|Any CPU
		{59BCAD10-02C1-465B-B482-9E9C4B006630}.Debug|Any CPU.Build.0 = Debug|Any CPU
		{59BCAD10-02C1-465B-B482-9E9C4B006630}.Release|Any CPU.ActiveCfg = Release|Any CPU
		{59BCAD10-02C1-465B-B482-9E9C4B006630}.Release|Any CPU.Build.0 = Release|Any CPU
		{91C26EE2-2631-4B7C-BEEA-CA74D59BB404}.Debug|Any CPU.ActiveCfg = Debug|Any CPU
		{91C26EE2-2631-4B7C-BEEA-CA74D59BB404}.Debug|Any CPU.Build.0 = Debug|Any CPU
		{91C26EE2-2631-4B7C-BEEA-CA74D59BB404}.Release|Any CPU.ActiveCfg = Release|Any CPU
		{91C26EE2-2631-4B7C-BEEA-CA74D59BB404}.Release|Any CPU.Build.0 = Release|Any CPU
		{8AF588A3-C814-468B-B40B-1BD4B3228BC6}.Debug|Any CPU.ActiveCfg = Debug|Any CPU
		{8AF588A3-C814-468B-B40B-1BD4B3228BC6}.Debug|Any CPU.Build.0 = Debug|Any CPU
		{8AF588A3-C814-468B-B40B-1BD4B3228BC6}.Release|Any CPU.ActiveCfg = Release|Any CPU
		{8AF588A3-C814-468B-B40B-1BD4B3228BC6}.Release|Any CPU.Build.0 = Release|Any CPU
		{3EC4F911-8643-4D04-B070-9C2E0DF3F344}.Debug|Any CPU.ActiveCfg = Debug|Any CPU
		{3EC4F911-8643-4D04-B070-9C2E0DF3F344}.Debug|Any CPU.Build.0 = Debug|Any CPU
		{3EC4F911-8643-4D04-B070-9C2E0DF3F344}.Release|Any CPU.ActiveCfg = Release|Any CPU
		{3EC4F911-8643-4D04-B070-9C2E0DF3F344}.Release|Any CPU.Build.0 = Release|Any CPU
	EndGlobalSection
	GlobalSection(SolutionProperties) = preSolution
		HideSolutionNode = FALSE
	EndGlobalSection
	GlobalSection(ExtensibilityGlobals) = postSolution
		SolutionGuid = {0756F75E-6A82-4CDC-A4A2-472C4B4B5B3A}
	EndGlobalSection
EndGlobal
